// !$*UTF8*$!
{
	archiveVersion = 1;
	classes = {
	};
	objectVersion = 46;
	objects = {

/* Begin PBXBuildFile section */
		07ED1164136AD485002B55FF /* QSCore.framework in Frameworks */ = {isa = PBXBuildFile; fileRef = 07ED1160136AD485002B55FF /* QSCore.framework */; };
		07ED1165136AD485002B55FF /* QSEffects.framework in Frameworks */ = {isa = PBXBuildFile; fileRef = 07ED1161136AD485002B55FF /* QSEffects.framework */; };
		07ED1166136AD485002B55FF /* QSFoundation.framework in Frameworks */ = {isa = PBXBuildFile; fileRef = 07ED1162136AD485002B55FF /* QSFoundation.framework */; };
		07ED1167136AD485002B55FF /* QSInterface.framework in Frameworks */ = {isa = PBXBuildFile; fileRef = 07ED1163136AD485002B55FF /* QSInterface.framework */; };
		07ED11F3136AD567002B55FF /* QSNostromoInterfaceController.m in Sources */ = {isa = PBXBuildFile; fileRef = 07ED11F2136AD567002B55FF /* QSNostromoInterfaceController.m */; };
		07ED11F5136AD582002B55FF /* QSNostromoInterfaceController.xib in Resources */ = {isa = PBXBuildFile; fileRef = 07ED11F4136AD582002B55FF /* QSNostromoInterfaceController.xib */; };
		8D5B49B4048680CD000E48DA /* Cocoa.framework in Frameworks */ = {isa = PBXBuildFile; fileRef = 1058C7ADFEA557BF11CA2CBB /* Cocoa.framework */; };
		D46582EA14FBE81800767406 /* Shiny.plist in Resources */ = {isa = PBXBuildFile; fileRef = D46582E714FBE81800767406 /* Shiny.plist */; };
		D46582EB14FBE81800767406 /* SolarizedLight.plist in Resources */ = {isa = PBXBuildFile; fileRef = D46582E814FBE81800767406 /* SolarizedLight.plist */; };
		D46582EC14FBE81800767406 /* TheHulk.plist in Resources */ = {isa = PBXBuildFile; fileRef = D46582E914FBE81800767406 /* TheHulk.plist */; };
		D46582EF14FBE85600767406 /* QSNostromoPrefPane.m in Sources */ = {isa = PBXBuildFile; fileRef = D46582EE14FBE85600767406 /* QSNostromoPrefPane.m */; };
		D4BACB3E13A28AB0002C9E58 /* QSNostromoPrefPane.xib in Resources */ = {isa = PBXBuildFile; fileRef = D4BACB3D13A28AB0002C9E58 /* QSNostromoPrefPane.xib */; };
		D4BACC4D13A2AA15002C9E58 /* QSNostromoColors.plist in Resources */ = {isa = PBXBuildFile; fileRef = D4BACC4C13A2AA15002C9E58 /* QSNostromoColors.plist */; };
		D4F630D21374E7560003D22F /* Localizable.strings in Resources */ = {isa = PBXBuildFile; fileRef = 089C167DFE841241C02AAC07 /* Localizable.strings */; };
/* End PBXBuildFile section */

/* Begin PBXFileReference section */
		07ED1160136AD485002B55FF /* QSCore.framework */ = {isa = PBXFileReference; lastKnownFileType = wrapper.framework; path = QSCore.framework; sourceTree = QSFrameworks; };
		07ED1161136AD485002B55FF /* QSEffects.framework */ = {isa = PBXFileReference; lastKnownFileType = wrapper.framework; path = QSEffects.framework; sourceTree = QSFrameworks; };
		07ED1162136AD485002B55FF /* QSFoundation.framework */ = {isa = PBXFileReference; lastKnownFileType = wrapper.framework; path = QSFoundation.framework; sourceTree = QSFrameworks; };
		07ED1163136AD485002B55FF /* QSInterface.framework */ = {isa = PBXFileReference; lastKnownFileType = wrapper.framework; path = QSInterface.framework; sourceTree = QSFrameworks; };
		07ED11F1136AD567002B55FF /* QSNostromoInterfaceController.h */ = {isa = PBXFileReference; fileEncoding = 4; lastKnownFileType = sourcecode.c.h; path = QSNostromoInterfaceController.h; sourceTree = "<group>"; };
		07ED11F2136AD567002B55FF /* QSNostromoInterfaceController.m */ = {isa = PBXFileReference; fileEncoding = 4; lastKnownFileType = sourcecode.c.objc; path = QSNostromoInterfaceController.m; sourceTree = "<group>"; };
		07ED11F4136AD582002B55FF /* QSNostromoInterfaceController.xib */ = {isa = PBXFileReference; lastKnownFileType = file.xib; path = QSNostromoInterfaceController.xib; sourceTree = "<group>"; };
		07ED12B9136AF075002B55FF /* en */ = {isa = PBXFileReference; lastKnownFileType = text.plist.strings; name = en; path = en.lproj/Localizable.strings; sourceTree = "<group>"; };
		089C1672FE841209C02AAC07 /* Foundation.framework */ = {isa = PBXFileReference; lastKnownFileType = wrapper.framework; name = Foundation.framework; path = /System/Library/Frameworks/Foundation.framework; sourceTree = "<absolute>"; };
		089C167FFE841241C02AAC07 /* AppKit.framework */ = {isa = PBXFileReference; lastKnownFileType = wrapper.framework; name = AppKit.framework; path = /System/Library/Frameworks/AppKit.framework; sourceTree = "<absolute>"; };
		1058C7ADFEA557BF11CA2CBB /* Cocoa.framework */ = {isa = PBXFileReference; lastKnownFileType = wrapper.framework; name = Cocoa.framework; path = /System/Library/Frameworks/Cocoa.framework; sourceTree = "<absolute>"; };
		32DBCF630370AF2F00C91783 /* Nostromo_Prefix.pch */ = {isa = PBXFileReference; fileEncoding = 4; lastKnownFileType = sourcecode.c.h; path = Nostromo_Prefix.pch; sourceTree = "<group>"; };
		8D5B49B6048680CD000E48DA /* Nostromo.qsplugin */ = {isa = PBXFileReference; explicitFileType = wrapper.cfbundle; includeInIndex = 0; path = Nostromo.qsplugin; sourceTree = BUILT_PRODUCTS_DIR; };
		8D5B49B7048680CD000E48DA /* Info.plist */ = {isa = PBXFileReference; fileEncoding = 4; lastKnownFileType = text.plist.xml; path = Info.plist; sourceTree = "<group>"; };
		D2F7E65807B2D6F200F64583 /* CoreData.framework */ = {isa = PBXFileReference; lastKnownFileType = wrapper.framework; name = CoreData.framework; path = /System/Library/Frameworks/CoreData.framework; sourceTree = "<absolute>"; };
		D46582E714FBE81800767406 /* Shiny.plist */ = {isa = PBXFileReference; fileEncoding = 4; lastKnownFileType = text.plist.xml; path = Shiny.plist; sourceTree = "<group>"; };
		D46582E814FBE81800767406 /* SolarizedLight.plist */ = {isa = PBXFileReference; fileEncoding = 4; lastKnownFileType = text.plist.xml; path = SolarizedLight.plist; sourceTree = "<group>"; };
		D46582E914FBE81800767406 /* TheHulk.plist */ = {isa = PBXFileReference; fileEncoding = 4; lastKnownFileType = text.plist.xml; path = TheHulk.plist; sourceTree = "<group>"; };
		D46582ED14FBE85600767406 /* QSNostromoPrefPane.h */ = {isa = PBXFileReference; fileEncoding = 4; lastKnownFileType = sourcecode.c.h; path = QSNostromoPrefPane.h; sourceTree = "<group>"; };
		D46582EE14FBE85600767406 /* QSNostromoPrefPane.m */ = {isa = PBXFileReference; fileEncoding = 4; lastKnownFileType = sourcecode.c.objc; path = QSNostromoPrefPane.m; sourceTree = "<group>"; };
		D4BACB3D13A28AB0002C9E58 /* QSNostromoPrefPane.xib */ = {isa = PBXFileReference; lastKnownFileType = file.xib; path = QSNostromoPrefPane.xib; sourceTree = "<group>"; };
		D4BACC4C13A2AA15002C9E58 /* QSNostromoColors.plist */ = {isa = PBXFileReference; fileEncoding = 4; lastKnownFileType = text.plist.xml; path = QSNostromoColors.plist; sourceTree = "<group>"; };
		D4EBE36E14A3B34B00D4FCCB /* Common.xcconfig */ = {isa = PBXFileReference; fileEncoding = 4; lastKnownFileType = text.xcconfig; path = Common.xcconfig; sourceTree = "<group>"; };
		D4EBE36F14A3B34B00D4FCCB /* Debug.xcconfig */ = {isa = PBXFileReference; fileEncoding = 4; lastKnownFileType = text.xcconfig; path = Debug.xcconfig; sourceTree = "<group>"; };
		D4EBE37014A3B34B00D4FCCB /* Developer.xcconfig */ = {isa = PBXFileReference; fileEncoding = 4; lastKnownFileType = text.xcconfig; path = Developer.xcconfig; sourceTree = "<group>"; };
		D4EBE37114A3B34B00D4FCCB /* QSPlugIn.xcconfig */ = {isa = PBXFileReference; fileEncoding = 4; lastKnownFileType = text.xcconfig; path = QSPlugIn.xcconfig; sourceTree = "<group>"; };
		D4EBE37214A3B34B00D4FCCB /* QSPlugIn_Debug.xcconfig */ = {isa = PBXFileReference; fileEncoding = 4; lastKnownFileType = text.xcconfig; path = QSPlugIn_Debug.xcconfig; sourceTree = "<group>"; };
		D4EBE37314A3B34B00D4FCCB /* QSPlugIn_Release.xcconfig */ = {isa = PBXFileReference; fileEncoding = 4; lastKnownFileType = text.xcconfig; path = QSPlugIn_Release.xcconfig; sourceTree = "<group>"; };
		D4EBE37414A3B34B00D4FCCB /* Quicksilver.pch */ = {isa = PBXFileReference; fileEncoding = 4; lastKnownFileType = sourcecode.c.h; path = Quicksilver.pch; sourceTree = "<group>"; };
		D4EBE37514A3B34B00D4FCCB /* Release.xcconfig */ = {isa = PBXFileReference; fileEncoding = 4; lastKnownFileType = text.xcconfig; path = Release.xcconfig; sourceTree = "<group>"; };
/* End PBXFileReference section */

/* Begin PBXFrameworksBuildPhase section */
		8D5B49B3048680CD000E48DA /* Frameworks */ = {
			isa = PBXFrameworksBuildPhase;
			buildActionMask = 2147483647;
			files = (
				8D5B49B4048680CD000E48DA /* Cocoa.framework in Frameworks */,
				07ED1164136AD485002B55FF /* QSCore.framework in Frameworks */,
				07ED1165136AD485002B55FF /* QSEffects.framework in Frameworks */,
				07ED1166136AD485002B55FF /* QSFoundation.framework in Frameworks */,
				07ED1167136AD485002B55FF /* QSInterface.framework in Frameworks */,
			);
			runOnlyForDeploymentPostprocessing = 0;
		};
/* End PBXFrameworksBuildPhase section */

/* Begin PBXGroup section */
		089C166AFE841209C02AAC07 /* Nostromo */ = {
			isa = PBXGroup;
			children = (
				D4EBE36D14A3B34B00D4FCCB /* Configuration */,
				08FB77AFFE84173DC02AAC07 /* Classes */,
				32C88E010371C26100C91783 /* Other Sources */,
				089C167CFE841241C02AAC07 /* Resources */,
				089C1671FE841209C02AAC07 /* Frameworks and Libraries */,
				19C28FB8FE9D52D311CA2CBB /* Products */,
			);
			name = Nostromo;
			sourceTree = "<group>";
		};
		089C1671FE841209C02AAC07 /* Frameworks and Libraries */ = {
			isa = PBXGroup;
			children = (
				1058C7ACFEA557BF11CA2CBB /* Linked Frameworks */,
				1058C7AEFEA557BF11CA2CBB /* Other Frameworks */,
			);
			name = "Frameworks and Libraries";
			sourceTree = "<group>";
		};
		089C167CFE841241C02AAC07 /* Resources */ = {
			isa = PBXGroup;
			children = (
				D46582E714FBE81800767406 /* Shiny.plist */,
				D46582E814FBE81800767406 /* SolarizedLight.plist */,
				D46582E914FBE81800767406 /* TheHulk.plist */,
				D4BACC4C13A2AA15002C9E58 /* QSNostromoColors.plist */,
				8D5B49B7048680CD000E48DA /* Info.plist */,
				089C167DFE841241C02AAC07 /* Localizable.strings */,
				07ED11F4136AD582002B55FF /* QSNostromoInterfaceController.xib */,
				D4BACB3D13A28AB0002C9E58 /* QSNostromoPrefPane.xib */,
			);
			name = Resources;
			sourceTree = "<group>";
		};
		08FB77AFFE84173DC02AAC07 /* Classes */ = {
			isa = PBXGroup;
			children = (
				07ED11F1136AD567002B55FF /* QSNostromoInterfaceController.h */,
				07ED11F2136AD567002B55FF /* QSNostromoInterfaceController.m */,
				D46582ED14FBE85600767406 /* QSNostromoPrefPane.h */,
				D46582EE14FBE85600767406 /* QSNostromoPrefPane.m */,
			);
			name = Classes;
			sourceTree = "<group>";
		};
		1058C7ACFEA557BF11CA2CBB /* Linked Frameworks */ = {
			isa = PBXGroup;
			children = (
				07ED1160136AD485002B55FF /* QSCore.framework */,
				07ED1161136AD485002B55FF /* QSEffects.framework */,
				07ED1162136AD485002B55FF /* QSFoundation.framework */,
				07ED1163136AD485002B55FF /* QSInterface.framework */,
				1058C7ADFEA557BF11CA2CBB /* Cocoa.framework */,
			);
			name = "Linked Frameworks";
			sourceTree = "<group>";
		};
		1058C7AEFEA557BF11CA2CBB /* Other Frameworks */ = {
			isa = PBXGroup;
			children = (
				089C167FFE841241C02AAC07 /* AppKit.framework */,
				D2F7E65807B2D6F200F64583 /* CoreData.framework */,
				089C1672FE841209C02AAC07 /* Foundation.framework */,
			);
			name = "Other Frameworks";
			sourceTree = "<group>";
		};
		19C28FB8FE9D52D311CA2CBB /* Products */ = {
			isa = PBXGroup;
			children = (
				8D5B49B6048680CD000E48DA /* Nostromo.qsplugin */,
			);
			name = Products;
			sourceTree = "<group>";
		};
		32C88E010371C26100C91783 /* Other Sources */ = {
			isa = PBXGroup;
			children = (
				32DBCF630370AF2F00C91783 /* Nostromo_Prefix.pch */,
			);
			name = "Other Sources";
			sourceTree = "<group>";
		};
		D4EBE36D14A3B34B00D4FCCB /* Configuration */ = {
			isa = PBXGroup;
			children = (
				D4EBE36E14A3B34B00D4FCCB /* Common.xcconfig */,
				D4EBE36F14A3B34B00D4FCCB /* Debug.xcconfig */,
				D4EBE37014A3B34B00D4FCCB /* Developer.xcconfig */,
				D4EBE37114A3B34B00D4FCCB /* QSPlugIn.xcconfig */,
				D4EBE37214A3B34B00D4FCCB /* QSPlugIn_Debug.xcconfig */,
				D4EBE37314A3B34B00D4FCCB /* QSPlugIn_Release.xcconfig */,
				D4EBE37414A3B34B00D4FCCB /* Quicksilver.pch */,
				D4EBE37514A3B34B00D4FCCB /* Release.xcconfig */,
			);
			name = Configuration;
			path = "/Users/rob/Coding/Quicksilver/Plug-ins/Nostromo/../../../../../../private/tmp/QS/Configuration";
			sourceTree = "<absolute>";
		};
/* End PBXGroup section */

/* Begin PBXNativeTarget section */
		8D5B49AC048680CD000E48DA /* Nostromo */ = {
			isa = PBXNativeTarget;
			buildConfigurationList = 1DEB913A08733D840010E9CD /* Build configuration list for PBXNativeTarget "Nostromo" */;
			buildPhases = (
				8D5B49AF048680CD000E48DA /* Resources */,
				8D5B49B1048680CD000E48DA /* Sources */,
				8D5B49B3048680CD000E48DA /* Frameworks */,
			);
			buildRules = (
			);
			dependencies = (
			);
			name = Nostromo;
			productInstallPath = "$(HOME)/Library/Bundles";
			productName = Nostromo;
			productReference = 8D5B49B6048680CD000E48DA /* Nostromo.qsplugin */;
			productType = "com.apple.product-type.bundle";
		};
/* End PBXNativeTarget section */

/* Begin PBXProject section */
		089C1669FE841209C02AAC07 /* Project object */ = {
			isa = PBXProject;
			attributes = {
				LastUpgradeCheck = 0420;
			};
			buildConfigurationList = 1DEB913E08733D840010E9CD /* Build configuration list for PBXProject "Nostromo" */;
			compatibilityVersion = "Xcode 3.2";
			developmentRegion = English;
			hasScannedForEncodings = 1;
			knownRegions = (
				English,
				Japanese,
				French,
				German,
				en,
			);
			mainGroup = 089C166AFE841209C02AAC07 /* Nostromo */;
			projectDirPath = "";
			projectRoot = "";
			targets = (
				8D5B49AC048680CD000E48DA /* Nostromo */,
			);
		};
/* End PBXProject section */

/* Begin PBXResourcesBuildPhase section */
		8D5B49AF048680CD000E48DA /* Resources */ = {
			isa = PBXResourcesBuildPhase;
			buildActionMask = 2147483647;
			files = (
				D4F630D21374E7560003D22F /* Localizable.strings in Resources */,
				07ED11F5136AD582002B55FF /* QSNostromoInterfaceController.xib in Resources */,
				D4BACB3E13A28AB0002C9E58 /* QSNostromoPrefPane.xib in Resources */,
				D4BACC4D13A2AA15002C9E58 /* QSNostromoColors.plist in Resources */,
				D46582EA14FBE81800767406 /* Shiny.plist in Resources */,
				D46582EB14FBE81800767406 /* SolarizedLight.plist in Resources */,
				D46582EC14FBE81800767406 /* TheHulk.plist in Resources */,
			);
			runOnlyForDeploymentPostprocessing = 0;
		};
/* End PBXResourcesBuildPhase section */

/* Begin PBXSourcesBuildPhase section */
		8D5B49B1048680CD000E48DA /* Sources */ = {
			isa = PBXSourcesBuildPhase;
			buildActionMask = 2147483647;
			files = (
				07ED11F3136AD567002B55FF /* QSNostromoInterfaceController.m in Sources */,
				D46582EF14FBE85600767406 /* QSNostromoPrefPane.m in Sources */,
			);
			runOnlyForDeploymentPostprocessing = 0;
		};
/* End PBXSourcesBuildPhase section */

/* Begin PBXVariantGroup section */
		089C167DFE841241C02AAC07 /* Localizable.strings */ = {
			isa = PBXVariantGroup;
			children = (
				07ED12B9136AF075002B55FF /* en */,
			);
			name = Localizable.strings;
			sourceTree = "<group>";
		};
/* End PBXVariantGroup section */

/* Begin XCBuildConfiguration section */
		1DEB913B08733D840010E9CD /* Debug */ = {
			isa = XCBuildConfiguration;
			baseConfigurationReference = D4EBE37214A3B34B00D4FCCB /* QSPlugIn_Debug.xcconfig */;
			buildSettings = {
				ARCHS = "$(ARCHS_STANDARD_32_64_BIT)";
				PRODUCT_NAME = Nostromo;
			};
			name = Debug;
		};
		1DEB913C08733D840010E9CD /* Release */ = {
			isa = XCBuildConfiguration;
			baseConfigurationReference = D4EBE37314A3B34B00D4FCCB /* QSPlugIn_Release.xcconfig */;
			buildSettings = {
				ARCHS = "$(ARCHS_STANDARD_32_64_BIT)";
				PRODUCT_NAME = Nostromo;
			};
			name = Release;
		};
		1DEB913F08733D840010E9CD /* Debug */ = {
			isa = XCBuildConfiguration;
			baseConfigurationReference = D4EBE36F14A3B34B00D4FCCB /* Debug.xcconfig */;
			buildSettings = {
				ARCHS = "$(ARCHS_STANDARD_32_64_BIT)";
			};
			name = Debug;
		};
		1DEB914008733D840010E9CD /* Release */ = {
			isa = XCBuildConfiguration;
			baseConfigurationReference = D4EBE37514A3B34B00D4FCCB /* Release.xcconfig */;
			buildSettings = {
				ARCHS = "$(ARCHS_STANDARD_32_64_BIT)";
			};
			name = Release;
		};
/* End XCBuildConfiguration section */

/* Begin XCConfigurationList section */
		1DEB913A08733D840010E9CD /* Build configuration list for PBXNativeTarget "Nostromo" */ = {
			isa = XCConfigurationList;
			buildConfigurations = (
				1DEB913B08733D840010E9CD /* Debug */,
				1DEB913C08733D840010E9CD /* Release */,
			);
			defaultConfigurationIsVisible = 0;
			defaultConfigurationName = Release;
		};
		1DEB913E08733D840010E9CD /* Build configuration list for PBXProject "Nostromo" */ = {
			isa = XCConfigurationList;
			buildConfigurations = (
				1DEB913F08733D840010E9CD /* Debug */,
				1DEB914008733D840010E9CD /* Release */,
			);
			defaultConfigurationIsVisible = 0;
			defaultConfigurationName = Release;
		};
/* End XCConfigurationList section */
	};
	rootObject = 089C1669FE841209C02AAC07 /* Project object */;
}
